
Microsoft Visual Studio Solution File, Format Version 12.00
# Visual Studio 15
VisualStudioVersion = 15.0.28307.421
MinimumVisualStudioVersion = 10.0.40219.1
Project("{9A19103F-16F7-4668-BE54-9A1E7A4F7556}") = "TECAIS.MeasurementGenerator", "TECAIS.MeasurementGenerator\TECAIS.MeasurementGenerator.csproj", "{5E558C16-2D0B-47FC-B8CE-780B97C2A63A}"
EndProject
Project("{9A19103F-16F7-4668-BE54-9A1E7A4F7556}") = "SampleConsumer", "SampleConsumer\SampleConsumer.csproj", "{857AC4CF-59E0-4524-88AC-936B563BE989}"
EndProject
Project("{9A19103F-16F7-4668-BE54-9A1E7A4F7556}") = "TECAIS.RabbitMq", "TECAIS.RabbitMq\TECAIS.RabbitMq.csproj", "{15F49B8F-78AE-4393-8134-A09A03E24679}"
EndProject
Project("{FAE04EC0-301F-11D3-BF4B-00C04F79EFBC}") = "TECAIS.StatusReporting", "TECAIS.StatusReporting\TECAIS.StatusReporting.csproj", "{02CC14AA-3D89-4E5E-A073-901AAC475E18}"
EndProject
Global
	GlobalSection(SolutionConfigurationPlatforms) = preSolution
		Debug|Any CPU = Debug|Any CPU
		Release|Any CPU = Release|Any CPU
	EndGlobalSection
	GlobalSection(ProjectConfigurationPlatforms) = postSolution
		{5E558C16-2D0B-47FC-B8CE-780B97C2A63A}.Debug|Any CPU.ActiveCfg = Debug|Any CPU
		{5E558C16-2D0B-47FC-B8CE-780B97C2A63A}.Debug|Any CPU.Build.0 = Debug|Any CPU
		{5E558C16-2D0B-47FC-B8CE-780B97C2A63A}.Release|Any CPU.ActiveCfg = Release|Any CPU
		{5E558C16-2D0B-47FC-B8CE-780B97C2A63A}.Release|Any CPU.Build.0 = Release|Any CPU
		{857AC4CF-59E0-4524-88AC-936B563BE989}.Debug|Any CPU.ActiveCfg = Debug|Any CPU
		{857AC4CF-59E0-4524-88AC-936B563BE989}.Debug|Any CPU.Build.0 = Debug|Any CPU
		{857AC4CF-59E0-4524-88AC-936B563BE989}.Release|Any CPU.ActiveCfg = Release|Any CPU
		{857AC4CF-59E0-4524-88AC-936B563BE989}.Release|Any CPU.Build.0 = Release|Any CPU
		{15F49B8F-78AE-4393-8134-A09A03E24679}.Debug|Any CPU.ActiveCfg = Debug|Any CPU
		{15F49B8F-78AE-4393-8134-A09A03E24679}.Debug|Any CPU.Build.0 = Debug|Any CPU
		{15F49B8F-78AE-4393-8134-A09A03E24679}.Release|Any CPU.ActiveCfg = Release|Any CPU
		{15F49B8F-78AE-4393-8134-A09A03E24679}.Release|Any CPU.Build.0 = Release|Any CPU
		{02CC14AA-3D89-4E5E-A073-901AAC475E18}.Debug|Any CPU.ActiveCfg = Debug|Any CPU
		{02CC14AA-3D89-4E5E-A073-901AAC475E18}.Debug|Any CPU.Build.0 = Debug|Any CPU
		{02CC14AA-3D89-4E5E-A073-901AAC475E18}.Release|Any CPU.ActiveCfg = Release|Any CPU
		{02CC14AA-3D89-4E5E-A073-901AAC475E18}.Release|Any CPU.Build.0 = Release|Any CPU
	EndGlobalSection
	GlobalSection(SolutionProperties) = preSolution
		HideSolutionNode = FALSE
	EndGlobalSection
	GlobalSection(ExtensibilityGlobals) = postSolution
		SolutionGuid = {8E0505AF-806C-468D-96DC-79D6608F0697}
	EndGlobalSection
EndGlobal
