
Microsoft Visual Studio Solution File, Format Version 12.00
# Visual Studio Version 16
VisualStudioVersion = 16.0.28922.388
MinimumVisualStudioVersion = 10.0.40219.1
Project("{9A19103F-16F7-4668-BE54-9A1E7A4F7556}") = "TECAIS.MeasurementGenerator", "TECAIS.MeasurementGenerator\TECAIS.MeasurementGenerator.csproj", "{5E558C16-2D0B-47FC-B8CE-780B97C2A63A}"
EndProject
Project("{9A19103F-16F7-4668-BE54-9A1E7A4F7556}") = "TECAIS.RabbitMq", "TECAIS.RabbitMq\TECAIS.RabbitMq.csproj", "{15F49B8F-78AE-4393-8134-A09A03E24679}"
EndProject
Project("{9A19103F-16F7-4668-BE54-9A1E7A4F7556}") = "TECAIS.StatusReporting", "TECAIS.StatusReporting\TECAIS.StatusReporting.csproj", "{02CC14AA-3D89-4E5E-A073-901AAC475E18}"
EndProject
Project("{9A19103F-16F7-4668-BE54-9A1E7A4F7556}") = "TECAIS.HeatConsumptionSubmission", "TECAIS.HeatConsumptionSubmission\TECAIS.HeatConsumptionSubmission.csproj", "{95A8E441-90D5-4CBE-808A-53D62EDD4F6A}"
EndProject
Project("{9A19103F-16F7-4668-BE54-9A1E7A4F7556}") = "TECAIS.WaterConsumptionSubmission", "TECAIS.WaterConsumptionSubmission\TECAIS.WaterConsumptionSubmission.csproj", "{6E6F3BA8-1E44-451C-8DC2-1574C8D2E6E7}"
EndProject
Project("{9A19103F-16F7-4668-BE54-9A1E7A4F7556}") = "TECAIS.ElectricityConsumptionSubmission", "TECAIS.ElectricityConsumptionSubmission\TECAIS.ElectricityConsumptionSubmission.csproj", "{12452D8F-3F9D-457D-87C6-E3FBD0B53C9C}"
EndProject
Project("{9A19103F-16F7-4668-BE54-9A1E7A4F7556}") = "TECAIS.Charging", "TECAIS.Charging\TECAIS.Charging.csproj", "{8C0D324E-4A85-41AE-A201-F4AC4DEB8207}"
EndProject
Project("{9A19103F-16F7-4668-BE54-9A1E7A4F7556}") = "AccountingControl", "AccountingControl\AccountingControl.csproj", "{C105F905-F6AD-4355-B2B5-79BD2084FD2F}"
EndProject
Global
	GlobalSection(SolutionConfigurationPlatforms) = preSolution
		Debug|Any CPU = Debug|Any CPU
		Release|Any CPU = Release|Any CPU
	EndGlobalSection
	GlobalSection(ProjectConfigurationPlatforms) = postSolution
		{5E558C16-2D0B-47FC-B8CE-780B97C2A63A}.Debug|Any CPU.ActiveCfg = Debug|Any CPU
		{5E558C16-2D0B-47FC-B8CE-780B97C2A63A}.Debug|Any CPU.Build.0 = Debug|Any CPU
		{5E558C16-2D0B-47FC-B8CE-780B97C2A63A}.Release|Any CPU.ActiveCfg = Release|Any CPU
		{5E558C16-2D0B-47FC-B8CE-780B97C2A63A}.Release|Any CPU.Build.0 = Release|Any CPU
		{15F49B8F-78AE-4393-8134-A09A03E24679}.Debug|Any CPU.ActiveCfg = Debug|Any CPU
		{15F49B8F-78AE-4393-8134-A09A03E24679}.Debug|Any CPU.Build.0 = Debug|Any CPU
		{15F49B8F-78AE-4393-8134-A09A03E24679}.Release|Any CPU.ActiveCfg = Release|Any CPU
		{15F49B8F-78AE-4393-8134-A09A03E24679}.Release|Any CPU.Build.0 = Release|Any CPU
		{02CC14AA-3D89-4E5E-A073-901AAC475E18}.Debug|Any CPU.ActiveCfg = Debug|Any CPU
		{02CC14AA-3D89-4E5E-A073-901AAC475E18}.Debug|Any CPU.Build.0 = Debug|Any CPU
		{02CC14AA-3D89-4E5E-A073-901AAC475E18}.Release|Any CPU.ActiveCfg = Release|Any CPU
		{02CC14AA-3D89-4E5E-A073-901AAC475E18}.Release|Any CPU.Build.0 = Release|Any CPU
		{95A8E441-90D5-4CBE-808A-53D62EDD4F6A}.Debug|Any CPU.ActiveCfg = Debug|Any CPU
		{95A8E441-90D5-4CBE-808A-53D62EDD4F6A}.Debug|Any CPU.Build.0 = Debug|Any CPU
		{95A8E441-90D5-4CBE-808A-53D62EDD4F6A}.Release|Any CPU.ActiveCfg = Release|Any CPU
		{95A8E441-90D5-4CBE-808A-53D62EDD4F6A}.Release|Any CPU.Build.0 = Release|Any CPU
		{6E6F3BA8-1E44-451C-8DC2-1574C8D2E6E7}.Debug|Any CPU.ActiveCfg = Debug|Any CPU
		{6E6F3BA8-1E44-451C-8DC2-1574C8D2E6E7}.Debug|Any CPU.Build.0 = Debug|Any CPU
		{6E6F3BA8-1E44-451C-8DC2-1574C8D2E6E7}.Release|Any CPU.ActiveCfg = Release|Any CPU
		{6E6F3BA8-1E44-451C-8DC2-1574C8D2E6E7}.Release|Any CPU.Build.0 = Release|Any CPU
		{12452D8F-3F9D-457D-87C6-E3FBD0B53C9C}.Debug|Any CPU.ActiveCfg = Debug|Any CPU
		{12452D8F-3F9D-457D-87C6-E3FBD0B53C9C}.Debug|Any CPU.Build.0 = Debug|Any CPU
		{12452D8F-3F9D-457D-87C6-E3FBD0B53C9C}.Release|Any CPU.ActiveCfg = Release|Any CPU
		{12452D8F-3F9D-457D-87C6-E3FBD0B53C9C}.Release|Any CPU.Build.0 = Release|Any CPU
		{8C0D324E-4A85-41AE-A201-F4AC4DEB8207}.Debug|Any CPU.ActiveCfg = Debug|Any CPU
		{8C0D324E-4A85-41AE-A201-F4AC4DEB8207}.Debug|Any CPU.Build.0 = Debug|Any CPU
		{8C0D324E-4A85-41AE-A201-F4AC4DEB8207}.Release|Any CPU.ActiveCfg = Release|Any CPU
		{8C0D324E-4A85-41AE-A201-F4AC4DEB8207}.Release|Any CPU.Build.0 = Release|Any CPU
		{C105F905-F6AD-4355-B2B5-79BD2084FD2F}.Debug|Any CPU.ActiveCfg = Debug|Any CPU
		{C105F905-F6AD-4355-B2B5-79BD2084FD2F}.Debug|Any CPU.Build.0 = Debug|Any CPU
		{C105F905-F6AD-4355-B2B5-79BD2084FD2F}.Release|Any CPU.ActiveCfg = Release|Any CPU
		{C105F905-F6AD-4355-B2B5-79BD2084FD2F}.Release|Any CPU.Build.0 = Release|Any CPU
	EndGlobalSection
	GlobalSection(SolutionProperties) = preSolution
		HideSolutionNode = FALSE
	EndGlobalSection
	GlobalSection(ExtensibilityGlobals) = postSolution
		SolutionGuid = {8E0505AF-806C-468D-96DC-79D6608F0697}
	EndGlobalSection
EndGlobal
